{
  "nodes": {
    "apple-silicon": {
      "inputs": {
        "nixpkgs": "nixpkgs",
        "rust-overlay": "rust-overlay"
      },
      "locked": {
        "lastModified": 1679451428,
        "narHash": "sha256-Xk3WBlejWUpnuOnMZzTH7mV/bTRxKIrln871ba3uQjI=",
        "owner": "tpwrules",
        "repo": "nixos-apple-silicon",
        "rev": "696d7b4ac7ca05684a3cceedd44acfd0d1c5f1e3",
        "type": "github"
      },
      "original": {
        "owner": "tpwrules",
        "repo": "nixos-apple-silicon",
        "type": "github"
      }
    },
    "home-manager": {
      "inputs": {
        "nixpkgs": "nixpkgs_2",
        "utils": "utils"
      },
      "locked": {
        "lastModified": 1681245941,
        "narHash": "sha256-RgFsg7+GRPzarip2zdhXUvc5T950BgCoqGYTFTHC/30=",
        "owner": "nix-community",
        "repo": "home-manager",
        "rev": "6e57fc470508ae65caf59b8de391cdaafc88b1de",
        "type": "github"
      },
      "original": {
        "owner": "nix-community",
        "repo": "home-manager",
        "type": "github"
      }
    },
    "nixpkgs": {
      "locked": {
        "lastModified": 1679172431,
        "narHash": "sha256-XEh5gIt5otaUbEAPUY5DILUTyWe1goAyeqQtmwaFPyI=",
        "owner": "nixos",
        "repo": "nixpkgs",
        "rev": "1603d11595a232205f03d46e635d919d1e1ec5b9",
        "type": "github"
      },
      "original": {
        "owner": "nixos",
        "repo": "nixpkgs",
        "rev": "1603d11595a232205f03d46e635d919d1e1ec5b9",
        "type": "github"
      }
    },
    "nixpkgs_2": {
      "locked": {
        "lastModified": 1680487167,
        "narHash": "sha256-9FNIqrxDZgSliGGN2XJJSvcDYmQbgOANaZA4UWnTdg4=",
        "owner": "nixos",
        "repo": "nixpkgs",
        "rev": "53dad94e874c9586e71decf82d972dfb640ef044",
        "type": "github"
      },
      "original": {
        "owner": "nixos",
        "ref": "nixos-unstable",
        "repo": "nixpkgs",
        "type": "github"
      }
    },
    "nixpkgs_3": {
      "locked": {
        "lastModified": 1681126633,
        "narHash": "sha256-evQ3Ct/yJDSHej16Hiq+JfxRjgm9FXu/2LBxsyorGdE=",
        "owner": "nixos",
        "repo": "nixpkgs",
        "rev": "db24d86dd8a4769c50d6b7295e81aa280cd93f35",
        "type": "github"
      },
      "original": {
        "owner": "nixos",
        "ref": "nixos-unstable",
        "repo": "nixpkgs",
        "type": "github"
      }
    },
    "nixpkgs_4": {
      "locked": {
        "lastModified": 1681036984,
        "narHash": "sha256-AbScJXshYzbeUKHh+Y3OICc3iAtr+NqJ3Xb81GW+ptU=",
        "owner": "nixos",
        "repo": "nixpkgs",
        "rev": "fd531dee22c9a3d4336cc2da39e8dd905e8f3de4",
        "type": "github"
      },
      "original": {
        "owner": "nixos",
        "ref": "nixos-unstable",
        "repo": "nixpkgs",
        "type": "github"
      }
    },
    "polypomo": {
      "inputs": {
        "nixpkgs": "nixpkgs_4"
      },
      "locked": {
        "lastModified": 1681251657,
        "narHash": "sha256-eccl40pv+0PpJqPIRihIFW49JFIWZgxhMzceczMLqR0=",
        "owner": "antholeole",
        "repo": "polypomo",
        "rev": "b250accfa3d2fef86911c39f40234e996edec18b",
        "type": "github"
      },
      "original": {
        "owner": "antholeole",
        "repo": "polypomo",
        "type": "github"
      }
    },
    "root": {
      "inputs": {
        "apple-silicon": "apple-silicon",
        "home-manager": "home-manager",
        "nixpkgs": "nixpkgs_3",
        "polypomo": "polypomo"
      }
    },
    "rust-overlay": {
      "flake": false,
      "locked": {
        "lastModified": 1675132198,
        "narHash": "sha256-izOVjdIfdv0OzcfO9rXX0lfGkQn4tdJ0eNm3P3LYo/o=",
        "owner": "oxalica",
        "repo": "rust-overlay",
        "rev": "48b1403150c3f5a9aeee8bc4c77c8926f29c6501",
        "type": "github"
      },
      "original": {
        "owner": "oxalica",
        "repo": "rust-overlay",
        "type": "github"
      }
    },
    "utils": {
      "locked": {
        "lastModified": 1678901627,
        "narHash": "sha256-U02riOqrKKzwjsxc/400XnElV+UtPUQWpANPlyazjH0=",
        "owner": "numtide",
        "repo": "flake-utils",
        "rev": "93a2b84fc4b70d9e089d029deacc3583435c2ed6",
        "type": "github"
      },
      "original": {
        "owner": "numtide",
        "repo": "flake-utils",
        "type": "github"
      }
    }
  },
  "root": "root",
  "version": 7
}
